lockfileVersion: '6.0'

settings:
  autoInstallPeers: true
  excludeLinksFromLockfile: false

dependencies:
  '@hono/zod-validator':
    specifier: ^0.1.5
    version: 0.1.5(hono@3.4.1)(zod@3.21.4)
  hono:
    specifier: ^3.4.1
    version: 3.4.1
  uid:
    specifier: ^2.0.2
    version: 2.0.2
  zod:
    specifier: ^3.21.4
    version: 3.21.4

devDependencies:
  bun-types:
    specifier: ^0.6.2
    version: 0.6.2

packages:

  /@hono/zod-validator@0.1.5(hono@3.4.1)(zod@3.21.4):
    resolution: {integrity: sha512-JnZb/F9qEI63ocgbeWN/mKGNlaU8c2j2GKm3VVdjMPUqCocNqOPZj21YGAx3b25MuQDFPMyEk5aB1QxGqoNvNg==}
    peerDependencies:
      hono: 3.*
      zod: ^3.19.1
    dependencies:
      hono: 3.4.1
      zod: 3.21.4
    dev: false

  /@lukeed/csprng@1.1.0:
    resolution: {integrity: sha512-Z7C/xXCiGWsg0KuKsHTKJxbWhpI3Vs5GwLfOean7MGyVFGqdRgBbAjOCh6u4bbjPc/8MJ2pZmK/0DLdCbivLDA==}
    engines: {node: '>=8'}
    dev: false

  /bun-types@0.6.2:
    resolution: {integrity: sha512-yJ59Nl9je54fvS/Bh32dpnuWzAEGZn46GEsUfCnc+gbR/1MveoNbzBtN37SpMihFE0MiatlpNyKFKb9W7hvdBg==}
    dev: true

  /hono@3.4.1:
    resolution: {integrity: sha512-fA7/cfgNg060mt12cYykdstwqM/bRvqYmQlPpEjoKIwMs6QF1rPJzZjppCrFuZZJvKE1vEP6kEAaaDH96XRg7Q==}
    engines: {node: '>=16.0.0'}
    dev: false

  /uid@2.0.2:
    resolution: {integrity: sha512-u3xV3X7uzvi5b1MncmZo3i2Aw222Zk1keqLA1YkHldREkAhAqi65wuPfe7lHx8H/Wzy+8CE7S7uS3jekIM5s8g==}
    engines: {node: '>=8'}
    dependencies:
      '@lukeed/csprng': 1.1.0
    dev: false

  /zod@3.21.4:
    resolution: {integrity: sha512-m46AKbrzKVzOzs/DZgVnG5H55N1sv1M8qZU3A8RIKbs3mrACDNeIOeilDymVb2HdmP8uwshOCF4uJ8uM9rCqJw==}
    dev: false
